
Microsoft Visual Studio Solution File, Format Version 12.00
# Visual Studio 15
VisualStudioVersion = 15.0.28307.1000
MinimumVisualStudioVersion = 10.0.40219.1
Project("{E24C65DC-7377-472B-9ABA-BC803B73C61A}") = "friendlygtusoln", "friendlygtusoln\", "{A35D1CC4-0923-4F0C-B518-5CA795315B03}"
	ProjectSection(WebsiteProperties) = preProject
		TargetFrameworkMoniker = ".NETFramework,Version%3Dv4.6.1"
		Debug.AspNetCompiler.VirtualPath = "/localhost_61596"
		Debug.AspNetCompiler.PhysicalPath = "friendlygtusoln\"
		Debug.AspNetCompiler.TargetPath = "PrecompiledWeb\localhost_61596\"
		Debug.AspNetCompiler.Updateable = "true"
		Debug.AspNetCompiler.ForceOverwrite = "true"
		Debug.AspNetCompiler.FixedNames = "false"
		Debug.AspNetCompiler.Debug = "True"
		Release.AspNetCompiler.VirtualPath = "/localhost_61596"
		Release.AspNetCompiler.PhysicalPath = "friendlygtusoln\"
		Release.AspNetCompiler.TargetPath = "PrecompiledWeb\localhost_61596\"
		Release.AspNetCompiler.Updateable = "true"
		Release.AspNetCompiler.ForceOverwrite = "true"
		Release.AspNetCompiler.FixedNames = "false"
		Release.AspNetCompiler.Debug = "False"
		VWDPort = "61596"
		SlnRelativePath = "friendlygtusoln\"
		DefaultWebSiteLanguage = "Visual C#"
	EndProjectSection
EndProject
Global
	GlobalSection(SolutionConfigurationPlatforms) = preSolution
		Debug|Any CPU = Debug|Any CPU
	EndGlobalSection
	GlobalSection(ProjectConfigurationPlatforms) = postSolution
		{A35D1CC4-0923-4F0C-B518-5CA795315B03}.Debug|Any CPU.ActiveCfg = Debug|Any CPU
		{A35D1CC4-0923-4F0C-B518-5CA795315B03}.Debug|Any CPU.Build.0 = Debug|Any CPU
	EndGlobalSection
	GlobalSection(SolutionProperties) = preSolution
		HideSolutionNode = FALSE
	EndGlobalSection
	GlobalSection(ExtensibilityGlobals) = postSolution
		SolutionGuid = {7F74C38D-8C72-4562-86FD-355A1D8796A1}
	EndGlobalSection
EndGlobal
